
Microsoft Visual Studio Solution File, Format Version 12.00
# Visual Studio Version 16
VisualStudioVersion = 16.0.30413.136
MinimumVisualStudioVersion = 10.0.40219.1
Project("{FAE04EC0-301F-11D3-BF4B-00C04F79EFBC}") = "FIT5032_Week04_ModelFirst", "FIT5032_Week04_ModelFirst.csproj", "{513EEB93-0C52-4340-ACFD-400987CC7266}"
EndProject
Global
	GlobalSection(SolutionConfigurationPlatforms) = preSolution
		Debug|Any CPU = Debug|Any CPU
		Release|Any CPU = Release|Any CPU
	EndGlobalSection
	GlobalSection(ProjectConfigurationPlatforms) = postSolution
		{513EEB93-0C52-4340-ACFD-400987CC7266}.Debug|Any CPU.ActiveCfg = Debug|Any CPU
		{513EEB93-0C52-4340-ACFD-400987CC7266}.Debug|Any CPU.Build.0 = Debug|Any CPU
		{513EEB93-0C52-4340-ACFD-400987CC7266}.Release|Any CPU.ActiveCfg = Release|Any CPU
		{513EEB93-0C52-4340-ACFD-400987CC7266}.Release|Any CPU.Build.0 = Release|Any CPU
	EndGlobalSection
	GlobalSection(SolutionProperties) = preSolution
		HideSolutionNode = FALSE
	EndGlobalSection
	GlobalSection(ExtensibilityGlobals) = postSolution
		SolutionGuid = {F877F5CF-71C1-4CC8-8F92-8F3460DFF5EE}
	EndGlobalSection
EndGlobal
